// !$*UTF8*$!
{
	archiveVersion = 1;
	classes = {
	};
	objectVersion = 46;
	objects = {

/* Begin PBXBuildFile section */
		7600CF84175B4EFA008F8DEE /* BaseController.m in Sources */ = {isa = PBXBuildFile; fileRef = 7600CF83175B4EFA008F8DEE /* BaseController.m */; };
		7693B76917491E9B0039F65F /* UIKit.framework in Frameworks */ = {isa = PBXBuildFile; fileRef = 7693B76817491E9B0039F65F /* UIKit.framework */; };
		7693B76B17491E9B0039F65F /* Foundation.framework in Frameworks */ = {isa = PBXBuildFile; fileRef = 7693B76A17491E9B0039F65F /* Foundation.framework */; };
		7693B76D17491E9B0039F65F /* CoreGraphics.framework in Frameworks */ = {isa = PBXBuildFile; fileRef = 7693B76C17491E9B0039F65F /* CoreGraphics.framework */; };
		7693B77317491E9B0039F65F /* InfoPlist.strings in Resources */ = {isa = PBXBuildFile; fileRef = 7693B77117491E9B0039F65F /* InfoPlist.strings */; };
		7693B77517491E9B0039F65F /* main.m in Sources */ = {isa = PBXBuildFile; fileRef = 7693B77417491E9B0039F65F /* main.m */; };
		7693B77917491E9B0039F65F /* TOAppDelegate.m in Sources */ = {isa = PBXBuildFile; fileRef = 7693B77817491E9B0039F65F /* TOAppDelegate.m */; };
		7693B77B17491E9B0039F65F /* Default.png in Resources */ = {isa = PBXBuildFile; fileRef = 7693B77A17491E9B0039F65F /* Default.png */; };
		7693B77D17491E9B0039F65F /* Default@2x.png in Resources */ = {isa = PBXBuildFile; fileRef = 7693B77C17491E9B0039F65F /* Default@2x.png */; };
		7693B77F17491E9B0039F65F /* Default-568h@2x.png in Resources */ = {isa = PBXBuildFile; fileRef = 7693B77E17491E9B0039F65F /* Default-568h@2x.png */; };
		7693B787174923610039F65F /* TOLogin.m in Sources */ = {isa = PBXBuildFile; fileRef = 7693B786174923610039F65F /* TOLogin.m */; };
		7693B78A1749237A0039F65F /* RootViewController.m in Sources */ = {isa = PBXBuildFile; fileRef = 7693B7891749237A0039F65F /* RootViewController.m */; };
		9004C64F174F02A1007F1DA2 /* FMDatabase.m in Sources */ = {isa = PBXBuildFile; fileRef = 9004C64A174F02A1007F1DA2 /* FMDatabase.m */; };
		9004C650174F02A1007F1DA2 /* FMDatabaseAdditions.m in Sources */ = {isa = PBXBuildFile; fileRef = 9004C64C174F02A1007F1DA2 /* FMDatabaseAdditions.m */; };
		9004C651174F02A1007F1DA2 /* FMResultSet.m in Sources */ = {isa = PBXBuildFile; fileRef = 9004C64E174F02A1007F1DA2 /* FMResultSet.m */; };
		9004C656174F02D3007F1DA2 /* TMemoViewController.m in Sources */ = {isa = PBXBuildFile; fileRef = 9004C653174F02D3007F1DA2 /* TMemoViewController.m */; };
		9004C657174F02D3007F1DA2 /* TEditMemoViewController.m in Sources */ = {isa = PBXBuildFile; fileRef = 9004C655174F02D3007F1DA2 /* TEditMemoViewController.m */; };
		9004C65C174F0311007F1DA2 /* TMemo.m in Sources */ = {isa = PBXBuildFile; fileRef = 9004C659174F0311007F1DA2 /* TMemo.m */; };
		9004C65D174F0311007F1DA2 /* TDaoMemo.m in Sources */ = {isa = PBXBuildFile; fileRef = 9004C65B174F0311007F1DA2 /* TDaoMemo.m */; };
		9004C65F174F043E007F1DA2 /* libsqlite3.0.dylib in Frameworks */ = {isa = PBXBuildFile; fileRef = 9004C65E174F043E007F1DA2 /* libsqlite3.0.dylib */; };
		9004C66A174F319E007F1DA2 /* WebSearchController.m in Sources */ = {isa = PBXBuildFile; fileRef = 9004C669174F319E007F1DA2 /* WebSearchController.m */; };
		9004C66D174F3202007F1DA2 /* WebViewController.m in Sources */ = {isa = PBXBuildFile; fileRef = 9004C66C174F3202007F1DA2 /* WebViewController.m */; };
		9004C670174F321C007F1DA2 /* Util.m in Sources */ = {isa = PBXBuildFile; fileRef = 9004C66F174F321C007F1DA2 /* Util.m */; };
		9043C6FF1756E05B00947415 /* background.png in Resources */ = {isa = PBXBuildFile; fileRef = 9043C6FE1756E05B00947415 /* background.png */; };
		9043C7031756E2D800947415 /* Localizable.strings in Resources */ = {isa = PBXBuildFile; fileRef = 9043C7051756E2D800947415 /* Localizable.strings */; };
		905B8770175F39C700969131 /* login.png in Resources */ = {isa = PBXBuildFile; fileRef = 905B876F175F39C700969131 /* login.png */; };
		905EB33F1755FD49007D580D /* _background.png in Resources */ = {isa = PBXBuildFile; fileRef = 905EB33E1755FD49007D580D /* _background.png */; };
		90776A4C174E1262008F9ED7 /* UserId.m in Sources */ = {isa = PBXBuildFile; fileRef = 90776A4B174E1262008F9ED7 /* UserId.m */; };
/* End PBXBuildFile section */

/* Begin PBXFileReference section */
		7600CF82175B4EFA008F8DEE /* BaseController.h */ = {isa = PBXFileReference; fileEncoding = 4; lastKnownFileType = sourcecode.c.h; path = BaseController.h; sourceTree = "<group>"; };
		7600CF83175B4EFA008F8DEE /* BaseController.m */ = {isa = PBXFileReference; fileEncoding = 4; lastKnownFileType = sourcecode.c.objc; path = BaseController.m; sourceTree = "<group>"; };
		7693B76517491E9B0039F65F /* TOAppEx.app */ = {isa = PBXFileReference; explicitFileType = wrapper.application; includeInIndex = 0; path = TOAppEx.app; sourceTree = BUILT_PRODUCTS_DIR; };
		7693B76817491E9B0039F65F /* UIKit.framework */ = {isa = PBXFileReference; lastKnownFileType = wrapper.framework; name = UIKit.framework; path = System/Library/Frameworks/UIKit.framework; sourceTree = SDKROOT; };
		7693B76A17491E9B0039F65F /* Foundation.framework */ = {isa = PBXFileReference; lastKnownFileType = wrapper.framework; name = Foundation.framework; path = System/Library/Frameworks/Foundation.framework; sourceTree = SDKROOT; };
		7693B76C17491E9B0039F65F /* CoreGraphics.framework */ = {isa = PBXFileReference; lastKnownFileType = wrapper.framework; name = CoreGraphics.framework; path = System/Library/Frameworks/CoreGraphics.framework; sourceTree = SDKROOT; };
		7693B77017491E9B0039F65F /* TOAppEx-Info.plist */ = {isa = PBXFileReference; lastKnownFileType = text.plist.xml; path = "TOAppEx-Info.plist"; sourceTree = "<group>"; };
		7693B77217491E9B0039F65F /* en */ = {isa = PBXFileReference; lastKnownFileType = text.plist.strings; name = en; path = en.lproj/InfoPlist.strings; sourceTree = "<group>"; };
		7693B77417491E9B0039F65F /* main.m */ = {isa = PBXFileReference; lastKnownFileType = sourcecode.c.objc; path = main.m; sourceTree = "<group>"; };
		7693B77617491E9B0039F65F /* TOAppEx-Prefix.pch */ = {isa = PBXFileReference; lastKnownFileType = sourcecode.c.h; path = "TOAppEx-Prefix.pch"; sourceTree = "<group>"; };
		7693B77717491E9B0039F65F /* TOAppDelegate.h */ = {isa = PBXFileReference; lastKnownFileType = sourcecode.c.h; path = TOAppDelegate.h; sourceTree = "<group>"; };
		7693B77817491E9B0039F65F /* TOAppDelegate.m */ = {isa = PBXFileReference; lastKnownFileType = sourcecode.c.objc; path = TOAppDelegate.m; sourceTree = "<group>"; };
		7693B77A17491E9B0039F65F /* Default.png */ = {isa = PBXFileReference; lastKnownFileType = image.png; path = Default.png; sourceTree = "<group>"; };
		7693B77C17491E9B0039F65F /* Default@2x.png */ = {isa = PBXFileReference; lastKnownFileType = image.png; path = "Default@2x.png"; sourceTree = "<group>"; };
		7693B77E17491E9B0039F65F /* Default-568h@2x.png */ = {isa = PBXFileReference; lastKnownFileType = image.png; path = "Default-568h@2x.png"; sourceTree = "<group>"; };
		7693B785174923610039F65F /* TOLogin.h */ = {isa = PBXFileReference; fileEncoding = 4; lastKnownFileType = sourcecode.c.h; path = TOLogin.h; sourceTree = "<group>"; };
		7693B786174923610039F65F /* TOLogin.m */ = {isa = PBXFileReference; fileEncoding = 4; lastKnownFileType = sourcecode.c.objc; path = TOLogin.m; sourceTree = "<group>"; };
		7693B7881749237A0039F65F /* RootViewController.h */ = {isa = PBXFileReference; fileEncoding = 4; lastKnownFileType = sourcecode.c.h; path = RootViewController.h; sourceTree = "<group>"; };
		7693B7891749237A0039F65F /* RootViewController.m */ = {isa = PBXFileReference; fileEncoding = 4; lastKnownFileType = sourcecode.c.objc; path = RootViewController.m; sourceTree = "<group>"; };
		9004C649174F02A1007F1DA2 /* FMDatabase.h */ = {isa = PBXFileReference; fileEncoding = 4; lastKnownFileType = sourcecode.c.h; path = FMDatabase.h; sourceTree = "<group>"; };
		9004C64A174F02A1007F1DA2 /* FMDatabase.m */ = {isa = PBXFileReference; fileEncoding = 4; lastKnownFileType = sourcecode.c.objc; path = FMDatabase.m; sourceTree = "<group>"; };
		9004C64B174F02A1007F1DA2 /* FMDatabaseAdditions.h */ = {isa = PBXFileReference; fileEncoding = 4; lastKnownFileType = sourcecode.c.h; path = FMDatabaseAdditions.h; sourceTree = "<group>"; };
		9004C64C174F02A1007F1DA2 /* FMDatabaseAdditions.m */ = {isa = PBXFileReference; fileEncoding = 4; lastKnownFileType = sourcecode.c.objc; path = FMDatabaseAdditions.m; sourceTree = "<group>"; };
		9004C64D174F02A1007F1DA2 /* FMResultSet.h */ = {isa = PBXFileReference; fileEncoding = 4; lastKnownFileType = sourcecode.c.h; path = FMResultSet.h; sourceTree = "<group>"; };
		9004C64E174F02A1007F1DA2 /* FMResultSet.m */ = {isa = PBXFileReference; fileEncoding = 4; lastKnownFileType = sourcecode.c.objc; path = FMResultSet.m; sourceTree = "<group>"; };
		9004C652174F02D3007F1DA2 /* TMemoViewController.h */ = {isa = PBXFileReference; fileEncoding = 4; lastKnownFileType = sourcecode.c.h; path = TMemoViewController.h; sourceTree = "<group>"; };
		9004C653174F02D3007F1DA2 /* TMemoViewController.m */ = {isa = PBXFileReference; fileEncoding = 4; lastKnownFileType = sourcecode.c.objc; path = TMemoViewController.m; sourceTree = "<group>"; };
		9004C654174F02D3007F1DA2 /* TEditMemoViewController.h */ = {isa = PBXFileReference; fileEncoding = 4; lastKnownFileType = sourcecode.c.h; path = TEditMemoViewController.h; sourceTree = "<group>"; };
		9004C655174F02D3007F1DA2 /* TEditMemoViewController.m */ = {isa = PBXFileReference; fileEncoding = 4; lastKnownFileType = sourcecode.c.objc; path = TEditMemoViewController.m; sourceTree = "<group>"; };
		9004C658174F0311007F1DA2 /* TMemo.h */ = {isa = PBXFileReference; fileEncoding = 4; lastKnownFileType = sourcecode.c.h; path = TMemo.h; sourceTree = "<group>"; };
		9004C659174F0311007F1DA2 /* TMemo.m */ = {isa = PBXFileReference; fileEncoding = 4; lastKnownFileType = sourcecode.c.objc; path = TMemo.m; sourceTree = "<group>"; };
		9004C65A174F0311007F1DA2 /* TDaoMemo.h */ = {isa = PBXFileReference; fileEncoding = 4; lastKnownFileType = sourcecode.c.h; path = TDaoMemo.h; sourceTree = "<group>"; };
		9004C65B174F0311007F1DA2 /* TDaoMemo.m */ = {isa = PBXFileReference; fileEncoding = 4; lastKnownFileType = sourcecode.c.objc; path = TDaoMemo.m; sourceTree = "<group>"; };
		9004C65E174F043E007F1DA2 /* libsqlite3.0.dylib */ = {isa = PBXFileReference; lastKnownFileType = "compiled.mach-o.dylib"; name = libsqlite3.0.dylib; path = usr/lib/libsqlite3.0.dylib; sourceTree = SDKROOT; };
		9004C668174F319E007F1DA2 /* WebSearchController.h */ = {isa = PBXFileReference; fileEncoding = 4; lastKnownFileType = sourcecode.c.h; path = WebSearchController.h; sourceTree = "<group>"; };
		9004C669174F319E007F1DA2 /* WebSearchController.m */ = {isa = PBXFileReference; fileEncoding = 4; lastKnownFileType = sourcecode.c.objc; path = WebSearchController.m; sourceTree = "<group>"; };
		9004C66B174F3202007F1DA2 /* WebViewController.h */ = {isa = PBXFileReference; fileEncoding = 4; lastKnownFileType = sourcecode.c.h; path = WebViewController.h; sourceTree = "<group>"; };
		9004C66C174F3202007F1DA2 /* WebViewController.m */ = {isa = PBXFileReference; fileEncoding = 4; lastKnownFileType = sourcecode.c.objc; path = WebViewController.m; sourceTree = "<group>"; };
		9004C66E174F321C007F1DA2 /* Util.h */ = {isa = PBXFileReference; fileEncoding = 4; lastKnownFileType = sourcecode.c.h; path = Util.h; sourceTree = "<group>"; };
		9004C66F174F321C007F1DA2 /* Util.m */ = {isa = PBXFileReference; fileEncoding = 4; lastKnownFileType = sourcecode.c.objc; path = Util.m; sourceTree = "<group>"; };
		9043C6FE1756E05B00947415 /* background.png */ = {isa = PBXFileReference; lastKnownFileType = image.png; path = background.png; sourceTree = "<group>"; };
		9043C7021756E2B300947415 /* ja */ = {isa = PBXFileReference; lastKnownFileType = text.plist.strings; name = ja; path = ja.lproj/InfoPlist.strings; sourceTree = "<group>"; };
		9043C7041756E2D800947415 /* en */ = {isa = PBXFileReference; lastKnownFileType = text.plist.strings; name = en; path = en.lproj/Localizable.strings; sourceTree = "<group>"; };
		9043C7061756E2EC00947415 /* ja */ = {isa = PBXFileReference; lastKnownFileType = text.plist.strings; name = ja; path = ja.lproj/Localizable.strings; sourceTree = "<group>"; };
		905B876F175F39C700969131 /* login.png */ = {isa = PBXFileReference; lastKnownFileType = image.png; path = login.png; sourceTree = "<group>"; };
		905EB33E1755FD49007D580D /* _background.png */ = {isa = PBXFileReference; lastKnownFileType = image.png; path = _background.png; sourceTree = "<group>"; };
		90776A4A174E1262008F9ED7 /* UserId.h */ = {isa = PBXFileReference; fileEncoding = 4; lastKnownFileType = sourcecode.c.h; path = UserId.h; sourceTree = "<group>"; };
		90776A4B174E1262008F9ED7 /* UserId.m */ = {isa = PBXFileReference; fileEncoding = 4; lastKnownFileType = sourcecode.c.objc; path = UserId.m; sourceTree = "<group>"; };
/* End PBXFileReference section */

/* Begin PBXFrameworksBuildPhase section */
		7693B76217491E9B0039F65F /* Frameworks */ = {
			isa = PBXFrameworksBuildPhase;
			buildActionMask = 2147483647;
			files = (
				9004C65F174F043E007F1DA2 /* libsqlite3.0.dylib in Frameworks */,
				7693B76917491E9B0039F65F /* UIKit.framework in Frameworks */,
				7693B76B17491E9B0039F65F /* Foundation.framework in Frameworks */,
				7693B76D17491E9B0039F65F /* CoreGraphics.framework in Frameworks */,
			);
			runOnlyForDeploymentPostprocessing = 0;
		};
/* End PBXFrameworksBuildPhase section */

/* Begin PBXGroup section */
		7693B75C17491E9B0039F65F = {
			isa = PBXGroup;
			children = (
				9004C65E174F043E007F1DA2 /* libsqlite3.0.dylib */,
				7693B76E17491E9B0039F65F /* TOAppEx */,
				7693B76717491E9B0039F65F /* Frameworks */,
				7693B76617491E9B0039F65F /* Products */,
			);
			sourceTree = "<group>";
		};
		7693B76617491E9B0039F65F /* Products */ = {
			isa = PBXGroup;
			children = (
				7693B76517491E9B0039F65F /* TOAppEx.app */,
			);
			name = Products;
			sourceTree = "<group>";
		};
		7693B76717491E9B0039F65F /* Frameworks */ = {
			isa = PBXGroup;
			children = (
				7693B76817491E9B0039F65F /* UIKit.framework */,
				7693B76A17491E9B0039F65F /* Foundation.framework */,
				7693B76C17491E9B0039F65F /* CoreGraphics.framework */,
			);
			name = Frameworks;
			sourceTree = "<group>";
		};
		7693B76E17491E9B0039F65F /* TOAppEx */ = {
			isa = PBXGroup;
			children = (
				9004C664174F19D6007F1DA2 /* WebSearch */,
				90A06EF4174DB65000D2295D /* FMDB */,
				90776A49174E1208008F9ED7 /* Model */,
				90A06EF1174DB5DF00D2295D /* Memo */,
				7693B77717491E9B0039F65F /* TOAppDelegate.h */,
				7693B77817491E9B0039F65F /* TOAppDelegate.m */,
				905B876F175F39C700969131 /* login.png */,
				7693B76F17491E9B0039F65F /* Supporting Files */,
				7693B785174923610039F65F /* TOLogin.h */,
				7693B786174923610039F65F /* TOLogin.m */,
				7693B7881749237A0039F65F /* RootViewController.h */,
				7693B7891749237A0039F65F /* RootViewController.m */,
				7600CF82175B4EFA008F8DEE /* BaseController.h */,
				7600CF83175B4EFA008F8DEE /* BaseController.m */,
			);
			path = TOAppEx;
			sourceTree = "<group>";
		};
		7693B76F17491E9B0039F65F /* Supporting Files */ = {
			isa = PBXGroup;
			children = (
				9043C7051756E2D800947415 /* Localizable.strings */,
				7693B77017491E9B0039F65F /* TOAppEx-Info.plist */,
				7693B77117491E9B0039F65F /* InfoPlist.strings */,
				7693B77417491E9B0039F65F /* main.m */,
				7693B77617491E9B0039F65F /* TOAppEx-Prefix.pch */,
				7693B77A17491E9B0039F65F /* Default.png */,
				7693B77C17491E9B0039F65F /* Default@2x.png */,
				7693B77E17491E9B0039F65F /* Default-568h@2x.png */,
			);
			name = "Supporting Files";
			sourceTree = "<group>";
		};
		9004C664174F19D6007F1DA2 /* WebSearch */ = {
			isa = PBXGroup;
			children = (
				9004C668174F319E007F1DA2 /* WebSearchController.h */,
				9004C669174F319E007F1DA2 /* WebSearchController.m */,
				9004C66B174F3202007F1DA2 /* WebViewController.h */,
				9004C66C174F3202007F1DA2 /* WebViewController.m */,
				9004C66E174F321C007F1DA2 /* Util.h */,
				9004C66F174F321C007F1DA2 /* Util.m */,
			);
			path = WebSearch;
			sourceTree = "<group>";
		};
		90776A49174E1208008F9ED7 /* Model */ = {
			isa = PBXGroup;
			children = (
				90776A4A174E1262008F9ED7 /* UserId.h */,
				90776A4B174E1262008F9ED7 /* UserId.m */,
			);
			path = Model;
			sourceTree = "<group>";
		};
		90A06EF1174DB5DF00D2295D /* Memo */ = {
			isa = PBXGroup;
			children = (
				905EB33E1755FD49007D580D /* _background.png */,
				9043C6FE1756E05B00947415 /* background.png */,
				90A06EF3174DB63C00D2295D /* View&Controller */,
				90A06EF2174DB62E00D2295D /* Model */,
			);
			path = Memo;
			sourceTree = "<group>";
		};
		90A06EF2174DB62E00D2295D /* Model */ = {
			isa = PBXGroup;
			children = (
				9004C658174F0311007F1DA2 /* TMemo.h */,
				9004C659174F0311007F1DA2 /* TMemo.m */,
				9004C65A174F0311007F1DA2 /* TDaoMemo.h */,
				9004C65B174F0311007F1DA2 /* TDaoMemo.m */,
			);
			path = Model;
			sourceTree = "<group>";
		};
		90A06EF3174DB63C00D2295D /* View&Controller */ = {
			isa = PBXGroup;
			children = (
				9004C652174F02D3007F1DA2 /* TMemoViewController.h */,
				9004C653174F02D3007F1DA2 /* TMemoViewController.m */,
				9004C654174F02D3007F1DA2 /* TEditMemoViewController.h */,
				9004C655174F02D3007F1DA2 /* TEditMemoViewController.m */,
			);
			path = "View&Controller";
			sourceTree = "<group>";
		};
		90A06EF4174DB65000D2295D /* FMDB */ = {
			isa = PBXGroup;
			children = (
				9004C649174F02A1007F1DA2 /* FMDatabase.h */,
				9004C64A174F02A1007F1DA2 /* FMDatabase.m */,
				9004C64B174F02A1007F1DA2 /* FMDatabaseAdditions.h */,
				9004C64C174F02A1007F1DA2 /* FMDatabaseAdditions.m */,
				9004C64D174F02A1007F1DA2 /* FMResultSet.h */,
				9004C64E174F02A1007F1DA2 /* FMResultSet.m */,
			);
			name = FMDB;
			path = Memo/FMDB;
			sourceTree = "<group>";
		};
/* End PBXGroup section */

/* Begin PBXNativeTarget section */
		7693B76417491E9B0039F65F /* TOAppEx */ = {
			isa = PBXNativeTarget;
			buildConfigurationList = 7693B78217491E9B0039F65F /* Build configuration list for PBXNativeTarget "TOAppEx" */;
			buildPhases = (
				7693B76117491E9B0039F65F /* Sources */,
				7693B76217491E9B0039F65F /* Frameworks */,
				7693B76317491E9B0039F65F /* Resources */,
			);
			buildRules = (
			);
			dependencies = (
			);
			name = TOAppEx;
			productName = TOAppEx;
			productReference = 7693B76517491E9B0039F65F /* TOAppEx.app */;
			productType = "com.apple.product-type.application";
		};
/* End PBXNativeTarget section */

/* Begin PBXProject section */
		7693B75D17491E9B0039F65F /* Project object */ = {
			isa = PBXProject;
			attributes = {
				LastUpgradeCheck = 0460;
				ORGANIZATIONNAME = jp.main.yamato;
			};
			buildConfigurationList = 7693B76017491E9B0039F65F /* Build configuration list for PBXProject "TOAppEx" */;
			compatibilityVersion = "Xcode 3.2";
			developmentRegion = English;
			hasScannedForEncodings = 0;
			knownRegions = (
				en,
				ja,
			);
			mainGroup = 7693B75C17491E9B0039F65F;
			productRefGroup = 7693B76617491E9B0039F65F /* Products */;
			projectDirPath = "";
			projectRoot = "";
			targets = (
				7693B76417491E9B0039F65F /* TOAppEx */,
			);
		};
/* End PBXProject section */

/* Begin PBXResourcesBuildPhase section */
		7693B76317491E9B0039F65F /* Resources */ = {
			isa = PBXResourcesBuildPhase;
			buildActionMask = 2147483647;
			files = (
				7693B77317491E9B0039F65F /* InfoPlist.strings in Resources */,
				7693B77B17491E9B0039F65F /* Default.png in Resources */,
				7693B77D17491E9B0039F65F /* Default@2x.png in Resources */,
				7693B77F17491E9B0039F65F /* Default-568h@2x.png in Resources */,
				905EB33F1755FD49007D580D /* _background.png in Resources */,
				9043C6FF1756E05B00947415 /* background.png in Resources */,
				9043C7031756E2D800947415 /* Localizable.strings in Resources */,
				905B8770175F39C700969131 /* login.png in Resources */,
			);
			runOnlyForDeploymentPostprocessing = 0;
		};
/* End PBXResourcesBuildPhase section */

/* Begin PBXSourcesBuildPhase section */
		7693B76117491E9B0039F65F /* Sources */ = {
			isa = PBXSourcesBuildPhase;
			buildActionMask = 2147483647;
			files = (
				7693B77517491E9B0039F65F /* main.m in Sources */,
				7693B77917491E9B0039F65F /* TOAppDelegate.m in Sources */,
				7693B787174923610039F65F /* TOLogin.m in Sources */,
				7693B78A1749237A0039F65F /* RootViewController.m in Sources */,
				90776A4C174E1262008F9ED7 /* UserId.m in Sources */,
				9004C64F174F02A1007F1DA2 /* FMDatabase.m in Sources */,
				9004C650174F02A1007F1DA2 /* FMDatabaseAdditions.m in Sources */,
				9004C651174F02A1007F1DA2 /* FMResultSet.m in Sources */,
				9004C656174F02D3007F1DA2 /* TMemoViewController.m in Sources */,
				9004C657174F02D3007F1DA2 /* TEditMemoViewController.m in Sources */,
				9004C65C174F0311007F1DA2 /* TMemo.m in Sources */,
				9004C65D174F0311007F1DA2 /* TDaoMemo.m in Sources */,
				9004C66A174F319E007F1DA2 /* WebSearchController.m in Sources */,
				9004C66D174F3202007F1DA2 /* WebViewController.m in Sources */,
				9004C670174F321C007F1DA2 /* Util.m in Sources */,
				7600CF84175B4EFA008F8DEE /* BaseController.m in Sources */,
			);
			runOnlyForDeploymentPostprocessing = 0;
		};
/* End PBXSourcesBuildPhase section */

/* Begin PBXVariantGroup section */
		7693B77117491E9B0039F65F /* InfoPlist.strings */ = {
			isa = PBXVariantGroup;
			children = (
				7693B77217491E9B0039F65F /* en */,
				9043C7021756E2B300947415 /* ja */,
			);
			name = InfoPlist.strings;
			sourceTree = "<group>";
		};
		9043C7051756E2D800947415 /* Localizable.strings */ = {
			isa = PBXVariantGroup;
			children = (
				9043C7041756E2D800947415 /* en */,
				9043C7061756E2EC00947415 /* ja */,
			);
			name = Localizable.strings;
			sourceTree = "<group>";
		};
/* End PBXVariantGroup section */

/* Begin XCBuildConfiguration section */
		7693B78017491E9B0039F65F /* Debug */ = {
			isa = XCBuildConfiguration;
			buildSettings = {
				ALWAYS_SEARCH_USER_PATHS = NO;
				CLANG_CXX_LANGUAGE_STANDARD = "gnu++0x";
				CLANG_CXX_LIBRARY = "libc++";
				CLANG_WARN_CONSTANT_CONVERSION = YES;
				CLANG_WARN_EMPTY_BODY = YES;
				CLANG_WARN_ENUM_CONVERSION = YES;
				CLANG_WARN_INT_CONVERSION = YES;
				CLANG_WARN__DUPLICATE_METHOD_MATCH = YES;
				"CODE_SIGN_IDENTITY[sdk=iphoneos*]" = "iPhone Developer";
				COPY_PHASE_STRIP = NO;
				GCC_C_LANGUAGE_STANDARD = gnu99;
				GCC_DYNAMIC_NO_PIC = NO;
				GCC_OPTIMIZATION_LEVEL = 0;
				GCC_PREPROCESSOR_DEFINITIONS = (
					"DEBUG=1",
					"$(inherited)",
				);
				GCC_SYMBOLS_PRIVATE_EXTERN = NO;
				GCC_WARN_ABOUT_RETURN_TYPE = YES;
				GCC_WARN_UNINITIALIZED_AUTOS = YES;
				GCC_WARN_UNUSED_VARIABLE = YES;
				IPHONEOS_DEPLOYMENT_TARGET = 6.1;
				ONLY_ACTIVE_ARCH = YES;
				SDKROOT = iphoneos;
				TARGETED_DEVICE_FAMILY = "1,2";
			};
			name = Debug;
		};
		7693B78117491E9B0039F65F /* Release */ = {
			isa = XCBuildConfiguration;
			buildSettings = {
				ALWAYS_SEARCH_USER_PATHS = NO;
				CLANG_CXX_LANGUAGE_STANDARD = "gnu++0x";
				CLANG_CXX_LIBRARY = "libc++";
				CLANG_WARN_CONSTANT_CONVERSION = YES;
				CLANG_WARN_EMPTY_BODY = YES;
				CLANG_WARN_ENUM_CONVERSION = YES;
				CLANG_WARN_INT_CONVERSION = YES;
				CLANG_WARN__DUPLICATE_METHOD_MATCH = YES;
				"CODE_SIGN_IDENTITY[sdk=iphoneos*]" = "iPhone Developer";
				COPY_PHASE_STRIP = YES;
				GCC_C_LANGUAGE_STANDARD = gnu99;
				GCC_WARN_ABOUT_RETURN_TYPE = YES;
				GCC_WARN_UNINITIALIZED_AUTOS = YES;
				GCC_WARN_UNUSED_VARIABLE = YES;
				IPHONEOS_DEPLOYMENT_TARGET = 6.1;
				OTHER_CFLAGS = "-DNS_BLOCK_ASSERTIONS=1";
				SDKROOT = iphoneos;
				TARGETED_DEVICE_FAMILY = "1,2";
				VALIDATE_PRODUCT = YES;
			};
			name = Release;
		};
		7693B78317491E9B0039F65F /* Debug */ = {
			isa = XCBuildConfiguration;
			buildSettings = {
				GCC_PRECOMPILE_PREFIX_HEADER = YES;
				GCC_PREFIX_HEADER = "TOAppEx/TOAppEx-Prefix.pch";
				INFOPLIST_FILE = "TOAppEx/TOAppEx-Info.plist";
				PRODUCT_NAME = "$(TARGET_NAME)";
				WRAPPER_EXTENSION = app;
			};
			name = Debug;
		};
		7693B78417491E9B0039F65F /* Release */ = {
			isa = XCBuildConfiguration;
			buildSettings = {
				GCC_PRECOMPILE_PREFIX_HEADER = YES;
				GCC_PREFIX_HEADER = "TOAppEx/TOAppEx-Prefix.pch";
				INFOPLIST_FILE = "TOAppEx/TOAppEx-Info.plist";
				PRODUCT_NAME = "$(TARGET_NAME)";
				WRAPPER_EXTENSION = app;
			};
			name = Release;
		};
/* End XCBuildConfiguration section */

/* Begin XCConfigurationList section */
		7693B76017491E9B0039F65F /* Build configuration list for PBXProject "TOAppEx" */ = {
			isa = XCConfigurationList;
			buildConfigurations = (
				7693B78017491E9B0039F65F /* Debug */,
				7693B78117491E9B0039F65F /* Release */,
			);
			defaultConfigurationIsVisible = 0;
			defaultConfigurationName = Release;
		};
		7693B78217491E9B0039F65F /* Build configuration list for PBXNativeTarget "TOAppEx" */ = {
			isa = XCConfigurationList;
			buildConfigurations = (
				7693B78317491E9B0039F65F /* Debug */,
				7693B78417491E9B0039F65F /* Release */,
			);
			defaultConfigurationIsVisible = 0;
			defaultConfigurationName = Release;
		};
/* End XCConfigurationList section */
	};
	rootObject = 7693B75D17491E9B0039F65F /* Project object */;
}
